
Microsoft Visual Studio Solution File, Format Version 12.00
# Visual Studio 15
VisualStudioVersion = 15.0.27428.2015
MinimumVisualStudioVersion = 10.0.40219.1
Project("{FAE04EC0-301F-11D3-BF4B-00C04F79EFBC}") = "Sudoku", "Sudoku\Sudoku.csproj", "{88A099E2-E5B4-4A18-8C04-F2A6DF26E7BE}"
EndProject
Global
	GlobalSection(SolutionConfigurationPlatforms) = preSolution
		Debug|Any CPU = Debug|Any CPU
		Release|Any CPU = Release|Any CPU
	EndGlobalSection
	GlobalSection(ProjectConfigurationPlatforms) = postSolution
		{88A099E2-E5B4-4A18-8C04-F2A6DF26E7BE}.Debug|Any CPU.ActiveCfg = Debug|Any CPU
		{88A099E2-E5B4-4A18-8C04-F2A6DF26E7BE}.Debug|Any CPU.Build.0 = Debug|Any CPU
		{88A099E2-E5B4-4A18-8C04-F2A6DF26E7BE}.Release|Any CPU.ActiveCfg = Release|Any CPU
		{88A099E2-E5B4-4A18-8C04-F2A6DF26E7BE}.Release|Any CPU.Build.0 = Release|Any CPU
	EndGlobalSection
	GlobalSection(SolutionProperties) = preSolution
		HideSolutionNode = FALSE
	EndGlobalSection
	GlobalSection(ExtensibilityGlobals) = postSolution
		SolutionGuid = {15B63DC7-3417-42AF-A867-D67BF17CD98C}
	EndGlobalSection
EndGlobal
